
Microsoft Visual Studio Solution File, Format Version 12.00
# Visual Studio Version 17
VisualStudioVersion = 17.6.33723.286
MinimumVisualStudioVersion = 10.0.40219.1
Project("{9A19103F-16F7-4668-BE54-9A1E7A4F7556}") = "GenericCachingRepository", "GenericCachingRepository\GenericCachingRepository.csproj", "{C6127679-6CAC-4E5B-9822-499CB051D0CB}"
EndProject
Project("{9A19103F-16F7-4668-BE54-9A1E7A4F7556}") = "Tests", "Tests\Tests.csproj", "{77C8A0DB-98AF-45EE-9D3A-BABBBD790BB0}"
EndProject
Global
	GlobalSection(SolutionConfigurationPlatforms) = preSolution
		Debug|Any CPU = Debug|Any CPU
		Release|Any CPU = Release|Any CPU
	EndGlobalSection
	GlobalSection(ProjectConfigurationPlatforms) = postSolution
		{C6127679-6CAC-4E5B-9822-499CB051D0CB}.Debug|Any CPU.ActiveCfg = Debug|Any CPU
		{C6127679-6CAC-4E5B-9822-499CB051D0CB}.Debug|Any CPU.Build.0 = Debug|Any CPU
		{C6127679-6CAC-4E5B-9822-499CB051D0CB}.Release|Any CPU.ActiveCfg = Release|Any CPU
		{C6127679-6CAC-4E5B-9822-499CB051D0CB}.Release|Any CPU.Build.0 = Release|Any CPU
		{77C8A0DB-98AF-45EE-9D3A-BABBBD790BB0}.Debug|Any CPU.ActiveCfg = Debug|Any CPU
		{77C8A0DB-98AF-45EE-9D3A-BABBBD790BB0}.Debug|Any CPU.Build.0 = Debug|Any CPU
		{77C8A0DB-98AF-45EE-9D3A-BABBBD790BB0}.Release|Any CPU.ActiveCfg = Release|Any CPU
		{77C8A0DB-98AF-45EE-9D3A-BABBBD790BB0}.Release|Any CPU.Build.0 = Release|Any CPU
	EndGlobalSection
	GlobalSection(SolutionProperties) = preSolution
		HideSolutionNode = FALSE
	EndGlobalSection
	GlobalSection(ExtensibilityGlobals) = postSolution
		SolutionGuid = {DCF8F4B9-6AE8-4A47-A26B-C93E8DF2A3FE}
	EndGlobalSection
EndGlobal
