
Microsoft Visual Studio Solution File, Format Version 12.00
# Visual Studio Version 17
VisualStudioVersion = 17.6.33723.286
MinimumVisualStudioVersion = 10.0.40219.1
Project("{9A19103F-16F7-4668-BE54-9A1E7A4F7556}") = "GenericCachingRepository", "GenericCachingRepository.csproj", "{BF4AFA5F-C9E0-4FCC-8CD0-BEB8A989AB98}"
EndProject
Project("{FAE04EC0-301F-11D3-BF4B-00C04F79EFBC}") = "GenericCachingRepositoryTests", "..\GenericCachingRepositoryTests\GenericCachingRepositoryTests.csproj", "{9BD34706-40D8-4AA7-B856-B2B6F186986E}"
EndProject
Project("{FAE04EC0-301F-11D3-BF4B-00C04F79EFBC}") = "Models.cs", "..\Models.cs\Models.cs.csproj", "{D0BBF499-65F6-4707-B0BC-CAED3992AF40}"
EndProject
Global
	GlobalSection(SolutionConfigurationPlatforms) = preSolution
		Debug|Any CPU = Debug|Any CPU
		Release|Any CPU = Release|Any CPU
	EndGlobalSection
	GlobalSection(ProjectConfigurationPlatforms) = postSolution
		{BF4AFA5F-C9E0-4FCC-8CD0-BEB8A989AB98}.Debug|Any CPU.ActiveCfg = Debug|Any CPU
		{BF4AFA5F-C9E0-4FCC-8CD0-BEB8A989AB98}.Debug|Any CPU.Build.0 = Debug|Any CPU
		{BF4AFA5F-C9E0-4FCC-8CD0-BEB8A989AB98}.Release|Any CPU.ActiveCfg = Release|Any CPU
		{BF4AFA5F-C9E0-4FCC-8CD0-BEB8A989AB98}.Release|Any CPU.Build.0 = Release|Any CPU
		{9BD34706-40D8-4AA7-B856-B2B6F186986E}.Debug|Any CPU.ActiveCfg = Debug|Any CPU
		{9BD34706-40D8-4AA7-B856-B2B6F186986E}.Debug|Any CPU.Build.0 = Debug|Any CPU
		{9BD34706-40D8-4AA7-B856-B2B6F186986E}.Release|Any CPU.ActiveCfg = Release|Any CPU
		{9BD34706-40D8-4AA7-B856-B2B6F186986E}.Release|Any CPU.Build.0 = Release|Any CPU
		{D0BBF499-65F6-4707-B0BC-CAED3992AF40}.Debug|Any CPU.ActiveCfg = Debug|Any CPU
		{D0BBF499-65F6-4707-B0BC-CAED3992AF40}.Debug|Any CPU.Build.0 = Debug|Any CPU
		{D0BBF499-65F6-4707-B0BC-CAED3992AF40}.Release|Any CPU.ActiveCfg = Release|Any CPU
		{D0BBF499-65F6-4707-B0BC-CAED3992AF40}.Release|Any CPU.Build.0 = Release|Any CPU
	EndGlobalSection
	GlobalSection(SolutionProperties) = preSolution
		HideSolutionNode = FALSE
	EndGlobalSection
	GlobalSection(ExtensibilityGlobals) = postSolution
		SolutionGuid = {DCF8F4B9-6AE8-4A47-A26B-C93E8DF2A3FE}
	EndGlobalSection
EndGlobal
